
Microsoft Visual Studio Solution File, Format Version 12.00
# Visual Studio Version 16
VisualStudioVersion = 16.0.30011.22
MinimumVisualStudioVersion = 10.0.40219.1
Project("{9A19103F-16F7-4668-BE54-9A1E7A4F7556}") = "kplus-app", "kplus-app\kplus-app.csproj", "{4ED1F822-F1D9-422C-89FC-56489B0E10A3}"
EndProject
Project("{FAE04EC0-301F-11D3-BF4B-00C04F79EFBC}") = "kplus-test", "kplus-test\kplus-test.csproj", "{CEFA5A29-6BB8-4BF4-A418-8B95660A531F}"
	ProjectSection(ProjectDependencies) = postProject
		{4ED1F822-F1D9-422C-89FC-56489B0E10A3} = {4ED1F822-F1D9-422C-89FC-56489B0E10A3}
	EndProjectSection
EndProject
Global
	GlobalSection(SolutionConfigurationPlatforms) = preSolution
		Debug|Any CPU = Debug|Any CPU
		Release|Any CPU = Release|Any CPU
	EndGlobalSection
	GlobalSection(ProjectConfigurationPlatforms) = postSolution
		{4ED1F822-F1D9-422C-89FC-56489B0E10A3}.Debug|Any CPU.ActiveCfg = Debug|Any CPU
		{4ED1F822-F1D9-422C-89FC-56489B0E10A3}.Debug|Any CPU.Build.0 = Debug|Any CPU
		{4ED1F822-F1D9-422C-89FC-56489B0E10A3}.Release|Any CPU.ActiveCfg = Release|Any CPU
		{4ED1F822-F1D9-422C-89FC-56489B0E10A3}.Release|Any CPU.Build.0 = Release|Any CPU
		{CEFA5A29-6BB8-4BF4-A418-8B95660A531F}.Debug|Any CPU.ActiveCfg = Debug|Any CPU
		{CEFA5A29-6BB8-4BF4-A418-8B95660A531F}.Debug|Any CPU.Build.0 = Debug|Any CPU
		{CEFA5A29-6BB8-4BF4-A418-8B95660A531F}.Release|Any CPU.ActiveCfg = Release|Any CPU
		{CEFA5A29-6BB8-4BF4-A418-8B95660A531F}.Release|Any CPU.Build.0 = Release|Any CPU
	EndGlobalSection
	GlobalSection(SolutionProperties) = preSolution
		HideSolutionNode = FALSE
	EndGlobalSection
	GlobalSection(ExtensibilityGlobals) = postSolution
		SolutionGuid = {B746C79D-2997-483E-88A3-206C1CEBA4F7}
	EndGlobalSection
EndGlobal
